
Microsoft Visual Studio Solution File, Format Version 12.00
# Visual Studio Version 16
VisualStudioVersion = 16.0.28407.52
MinimumVisualStudioVersion = 10.0.40219.1
Project("{FAE04EC0-301F-11D3-BF4B-00C04F79EFBC}") = "MusicRecomendation.MVC", "MusicRecomendation.MVC\MusicRecomendation.MVC.csproj", "{2C2818BF-A614-4CFE-ADEA-F51C69E41447}"
EndProject
Project("{FAE04EC0-301F-11D3-BF4B-00C04F79EFBC}") = "MusicRecomendation.API", "MusicRecomendation.API\MusicRecomendation.API.csproj", "{41C3E76F-B221-4455-9F4A-1F276D36F71F}"
EndProject
Global
	GlobalSection(SolutionConfigurationPlatforms) = preSolution
		Debug|Any CPU = Debug|Any CPU
		Release|Any CPU = Release|Any CPU
	EndGlobalSection
	GlobalSection(ProjectConfigurationPlatforms) = postSolution
		{2C2818BF-A614-4CFE-ADEA-F51C69E41447}.Debug|Any CPU.ActiveCfg = Debug|Any CPU
		{2C2818BF-A614-4CFE-ADEA-F51C69E41447}.Debug|Any CPU.Build.0 = Debug|Any CPU
		{2C2818BF-A614-4CFE-ADEA-F51C69E41447}.Release|Any CPU.ActiveCfg = Release|Any CPU
		{2C2818BF-A614-4CFE-ADEA-F51C69E41447}.Release|Any CPU.Build.0 = Release|Any CPU
		{41C3E76F-B221-4455-9F4A-1F276D36F71F}.Debug|Any CPU.ActiveCfg = Debug|Any CPU
		{41C3E76F-B221-4455-9F4A-1F276D36F71F}.Debug|Any CPU.Build.0 = Debug|Any CPU
		{41C3E76F-B221-4455-9F4A-1F276D36F71F}.Release|Any CPU.ActiveCfg = Release|Any CPU
		{41C3E76F-B221-4455-9F4A-1F276D36F71F}.Release|Any CPU.Build.0 = Release|Any CPU
	EndGlobalSection
	GlobalSection(SolutionProperties) = preSolution
		HideSolutionNode = FALSE
	EndGlobalSection
	GlobalSection(ExtensibilityGlobals) = postSolution
		SolutionGuid = {5A48F22D-09FD-4B1C-9439-9857EEC06018}
	EndGlobalSection
EndGlobal
